Microsoft Visual Studio Solution File, Format Version 12.00
# Visual Studio Version 17
VisualStudioVersion = 17.5.2.0
MinimumVisualStudioVersion = 10.0.40219.1
Project("{FAE04EC0-301F-11D3-BF4B-00C04F79EFBC}") = "Xeno", "Xeno.csproj", "{D3EE4C5A-53D0-CD00-77B1-9002A132A39C}"
EndProject
Global
	GlobalSection(SolutionConfigurationPlatforms) = preSolution
		Debug|Any CPU = Debug|Any CPU
		Release|Any CPU = Release|Any CPU
	EndGlobalSection
	GlobalSection(ProjectConfigurationPlatforms) = postSolution
		{D3EE4C5A-53D0-CD00-77B1-9002A132A39C}.Debug|Any CPU.ActiveCfg = Debug|Any CPU
		{D3EE4C5A-53D0-CD00-77B1-9002A132A39C}.Debug|Any CPU.Build.0 = Debug|Any CPU
		{D3EE4C5A-53D0-CD00-77B1-9002A132A39C}.Release|Any CPU.ActiveCfg = Release|Any CPU
		{D3EE4C5A-53D0-CD00-77B1-9002A132A39C}.Release|Any CPU.Build.0 = Release|Any CPU
	EndGlobalSection
	GlobalSection(SolutionProperties) = preSolution
		HideSolutionNode = FALSE
	EndGlobalSection
	GlobalSection(ExtensibilityGlobals) = postSolution
		SolutionGuid = {D782573A-E011-48DE-8546-4C516B19EFBB}
	EndGlobalSection
EndGlobal
